// !$*UTF8*$!
{
	"archiveVersion" = 1;
	"classes" = {
	};
	"objectVersion" = 56;
	"objects" = {
		"E40000000000000000000010" = {
			"isa" = "PBXFileReference";
			"lastKnownFileType" = "sourcecode.swift";
			"path" = "TraidoresIOS/Platform/Online/FirebaseAccountHistory.swift";
			"sourceTree" = "<group>";
		};
		"E40000000000000000000110" = {
			"isa" = "PBXBuildFile";
			"fileRef" = "E40000000000000000000010";
		};
		"E40000000000000000000020" = {
			"isa" = "PBXFileReference";
			"lastKnownFileType" = "sourcecode.swift";
			"path" = "TraidoresIOS/Platform/Online/FirebaseProfilePhotos.swift";
			"sourceTree" = "<group>";
		};
		"E40000000000000000000120" = {
			"isa" = "PBXBuildFile";
			"fileRef" = "E40000000000000000000020";
		};
		"E40000000000000000000210" = {
			"isa" = "XCSwiftPackageProductDependency";
			"package" = "D10000000000000000000200";
			"productName" = "FirebaseStorage";
		};
		"E40000000000000000000310" = {
			"isa" = "PBXBuildFile";
			"productRef" = "E40000000000000000000210";
		};
		"D20000000000000000000061" = {
			"isa" = "PBXFileReference";
			"lastKnownFileType" = "file";
			"path" = "TraidoresIOS/Resources/google_sans.ttf";
			"sourceTree" = "<group>";
		};
		"D20000000000000000000161" = {
			"isa" = "PBXBuildFile";
			"fileRef" = "D20000000000000000000061";
		};
		"D20000000000000000000062" = {
			"isa" = "PBXFileReference";
			"lastKnownFileType" = "text";
			"path" = "TraidoresIOS/Resources/GoogleSans-OFL.txt";
			"sourceTree" = "<group>";
		};
		"D20000000000000000000162" = {
			"isa" = "PBXBuildFile";
			"fileRef" = "D20000000000000000000062";
		};
		"D20000000000000000000010" = {
			"isa" = "PBXFileReference";
			"lastKnownFileType" = "sourcecode.swift";
			"path" = "TraidoresIOS/Platform/Online/FirebaseAccountService.swift";
			"sourceTree" = "<group>";
		};
		"D20000000000000000000110" = {
			"isa" = "PBXBuildFile";
			"fileRef" = "D20000000000000000000010";
		};
		"D20000000000000000000210" = {
			"isa" = "XCSwiftPackageProductDependency";
			"package" = "D10000000000000000000200";
			"productName" = "FirebaseFirestore";
		};
		"D20000000000000000000310" = {
			"isa" = "PBXBuildFile";
			"productRef" = "D20000000000000000000210";
		};
		"D20000000000000000000220" = {
			"isa" = "XCSwiftPackageProductDependency";
			"package" = "D20000000000000000000200";
			"productName" = "GoogleSignIn";
		};
		"D20000000000000000000320" = {
			"isa" = "PBXBuildFile";
			"productRef" = "D20000000000000000000220";
		};
		"D20000000000000000000230" = {
			"isa" = "XCSwiftPackageProductDependency";
			"package" = "D20000000000000000000200";
			"productName" = "GoogleSignInSwift";
		};
		"D20000000000000000000330" = {
			"isa" = "PBXBuildFile";
			"productRef" = "D20000000000000000000230";
		};
		"D20000000000000000000200" = {
			"isa" = "XCRemoteSwiftPackageReference";
			"repositoryURL" = "https://github.com/google/GoogleSignIn-iOS";
			"requirement" = { "kind" = "exactVersion"; "version" = "10.0.0"; };
		};
		"C30000000000000000000009" = {
			"isa" = "PBXFileReference";
			"lastKnownFileType" = "file";
			"path" = "TraidoresIOS/Resources/roboto_android.ttf";
			"sourceTree" = "<group>";
		};
		"C30000000000000000000010" = {
			"isa" = "PBXBuildFile";
			"fileRef" = "C30000000000000000000009";
		};
		"C30000000000000000000011" = {
			"isa" = "PBXFileReference";
			"lastKnownFileType" = "text";
			"path" = "TraidoresIOS/Resources/Roboto-OFL.txt";
			"sourceTree" = "<group>";
		};
		"C30000000000000000000012" = {
			"isa" = "PBXBuildFile";
			"fileRef" = "C30000000000000000000011";
		};
		"B20000000000000000000001" = {
			"isa" = "PBXFileReference";
			"lastKnownFileType" = "audio.wav";
			"path" = "TraidoresIOS/Resources/sfx_bandido_bark.wav";
			"sourceTree" = "<group>";
		};
		"B20000000000000000000002" = {
			"isa" = "PBXBuildFile";
			"fileRef" = "B20000000000000000000001";
		};
		"B20000000000000000000003" = {
			"isa" = "PBXFileReference";
			"lastKnownFileType" = "folder";
			"path" = "TraidoresIOS/Resources/GameAudio";
			"sourceTree" = "<group>";
		};
		"B20000000000000000000004" = {
			"isa" = "PBXBuildFile";
			"fileRef" = "B20000000000000000000003";
		};
		"C30000000000000000000001" = {
			"isa" = "PBXFileReference";
			"lastKnownFileType" = "sourcecode.swift";
			"path" = "TraidoresIOS/Platform/GameAudio.swift";
			"sourceTree" = "<group>";
		};
		"C30000000000000000000002" = {
			"isa" = "PBXBuildFile";
			"fileRef" = "C30000000000000000000001";
		};
		"C30000000000000000000003" = {
			"isa" = "PBXFileReference";
			"lastKnownFileType" = "sourcecode.swift";
			"path" = "TraidoresIOS/Features/LocalGame/DawnRevealViews.swift";
			"sourceTree" = "<group>";
		};
		"C30000000000000000000004" = {
			"isa" = "PBXBuildFile";
			"fileRef" = "C30000000000000000000003";
		};
		"C30000000000000000000007" = {
			"isa" = "PBXFileReference";
			"lastKnownFileType" = "sourcecode.swift";
			"path" = "TraidoresIOS/Features/LocalGame/MatchResultView.swift";
			"sourceTree" = "<group>";
		};
		"C30000000000000000000008" = {
			"isa" = "PBXBuildFile";
			"fileRef" = "C30000000000000000000007";
		};
		"C30000000000000000000005" = {
			"isa" = "PBXFileReference";
			"lastKnownFileType" = "sourcecode.swift";
			"path" = "TraidoresIOS/Features/LocalGame/VoteCeremonyView.swift";
			"sourceTree" = "<group>";
		};
		"C30000000000000000000006" = {
			"isa" = "PBXBuildFile";
			"fileRef" = "C30000000000000000000005";
		};
		"6A3CD6C7B8CD32555D18EB22" = {
			"isa" = "PBXFileReference";
			"lastKnownFileType" = "sourcecode.swift";
			"path" = "TraidoresIOS/Features/Menu/AndroidMenuReference.swift";
			"sourceTree" = "<group>";
		};
		"81465EEDF32E01AF6E2EB21D" = {
			"isa" = "PBXFileReference";
			"lastKnownFileType" = "sourcecode.swift";
			"path" = "TraidoresIOS/Features/Menu/GuideScreens.swift";
			"sourceTree" = "<group>";
		};
		"848295EBAF394F2BF666ADB2" = {
			"isa" = "PBXBuildFile";
			"fileRef" = "6A3CD6C7B8CD32555D18EB22";
		};
		"5FD0C413DE03D0B031CFF552" = {
			"isa" = "PBXBuildFile";
			"fileRef" = "81465EEDF32E01AF6E2EB21D";
		};
		"442DB1F1444F09BAAF414F1A" = {
			"isa" = "PBXFileReference";
			"lastKnownFileType" = "sourcecode.swift";
			"path" = "TraidoresIOS/App/TraidoresApp.swift";
			"sourceTree" = "<group>";
		};
		"9DAB7E3CF67A09F6F95707BA" = {
			"isa" = "PBXFileReference";
			"lastKnownFileType" = "sourcecode.swift";
			"path" = "TraidoresIOS/DesignSystem/TraidoresTheme.swift";
			"sourceTree" = "<group>";
		};
		"25147C54B6D929C6A0E6A654" = {
			"isa" = "PBXFileReference";
			"lastKnownFileType" = "sourcecode.swift";
			"path" = "TraidoresIOS/Features/LocalGame/LocalGameStore.swift";
			"sourceTree" = "<group>";
		};
		"593568344580B94B17DAC6A1" = {
			"isa" = "PBXFileReference";
			"lastKnownFileType" = "sourcecode.swift";
			"path" = "TraidoresIOS/Features/LocalGame/LocalGameView.swift";
			"sourceTree" = "<group>";
		};
		"0017C33FED8C91069E779AE8" = {
			"isa" = "PBXFileReference";
			"lastKnownFileType" = "sourcecode.swift";
			"path" = "TraidoresIOS/Features/Menu/MenuDestinations.swift";
			"sourceTree" = "<group>";
		};
		"D9716605BC6FC29A0B64016C" = {
			"isa" = "PBXFileReference";
			"lastKnownFileType" = "sourcecode.swift";
			"path" = "TraidoresIOS/Features/Menu/MenuView.swift";
			"sourceTree" = "<group>";
		};
		"1170255AB2298098E6A3D006" = {
			"isa" = "PBXFileReference";
			"lastKnownFileType" = "sourcecode.swift";
			"path" = "TraidoresIOS/Platform/MenuAudio.swift";
			"sourceTree" = "<group>";
		};
		"7DDC8189A79437802C5643B6" = {
			"isa" = "PBXFileReference";
			"lastKnownFileType" = "sourcecode.swift";
			"path" = "TraidoresIOS/Platform/MenuPreferences.swift";
			"sourceTree" = "<group>";
		};
		"BE2EF1C7DD1CA6304E8CE050" = {
			"isa" = "PBXFileReference";
			"lastKnownFileType" = "folder.assetcatalog";
			"path" = "TraidoresIOS/Resources/Assets.xcassets";
			"sourceTree" = "<group>";
		};
		"AF748645A488766CE23D4974" = {
			"isa" = "PBXFileReference";
			"lastKnownFileType" = "file";
			"path" = "TraidoresIOS/Resources/bree_serif.ttf";
			"sourceTree" = "<group>";
		};
		"0122B6F69EFE7AB10C863A41" = {
			"isa" = "PBXFileReference";
			"lastKnownFileType" = "audio.mp3";
			"path" = "TraidoresIOS/Resources/menu_music.mp3";
			"sourceTree" = "<group>";
		};
		"D7ADB10D0BF3D9C6732BE1E6" = {
			"isa" = "PBXFileReference";
			"lastKnownFileType" = "text.xml";
			"path" = "TraidoresIOS/PrivacyInfo.xcprivacy";
			"sourceTree" = "<group>";
		};
		"6C97B98B6CB0D4C535033602" = {
			"isa" = "PBXFileReference";
			"lastKnownFileType" = "text.plist.xml";
			"path" = "TraidoresIOS/Info.plist";
			"sourceTree" = "<group>";
		};
		"94B6E464D2FDE7CEFA1FB0FC" = {
			"isa" = "PBXFileReference";
			"lastKnownFileType" = "text.plist.entitlements";
			"path" = "TraidoresIOS/TraidoresIOS.entitlements";
			"sourceTree" = "<group>";
		};
		"0755E70DF5DF35ACF60A61F5" = {
			"isa" = "PBXFileReference";
			"lastKnownFileType" = "text.xcconfig";
			"path" = "Configuration/Shared.xcconfig";
			"sourceTree" = "<group>";
		};
		"6674C0636BD95B322AC22B59" = {
			"isa" = "PBXFileReference";
			"lastKnownFileType" = "text.xcconfig";
			"path" = "Configuration/Debug.xcconfig";
			"sourceTree" = "<group>";
		};
		"07F4971A60C8B8466DA80DFB" = {
			"isa" = "PBXFileReference";
			"lastKnownFileType" = "text.xcconfig";
			"path" = "Configuration/Release.xcconfig";
			"sourceTree" = "<group>";
		};
		"6687C38A46A4E99E0E4159C3" = {
			"isa" = "PBXFileReference";
			"lastKnownFileType" = "text";
			"path" = "Configuration/Local.xcconfig.example";
			"sourceTree" = "<group>";
		};
		"A8792157CB4F27FB949C035F" = {
			"isa" = "PBXFileReference";
			"explicitFileType" = "wrapper.application";
			"includeInIndex" = 0;
			"path" = "TraidoresIOS.app";
			"sourceTree" = "BUILT_PRODUCTS_DIR";
		};
		"A10000000000000000000001" = {
			"isa" = "PBXFileReference";
			"lastKnownFileType" = "sourcecode.swift";
			"path" = "LocalLobbyUITests.swift";
			"sourceTree" = "<group>";
		};
		"A10000000000000000000011" = {
			"isa" = "PBXFileReference";
			"lastKnownFileType" = "sourcecode.swift";
			"path" = "MenuAccessibilityUITests.swift";
			"sourceTree" = "<group>";
		};
		"A10000000000000000000012" = {
			"isa" = "PBXBuildFile";
			"fileRef" = "A10000000000000000000011";
		};
		"A10000000000000000000002" = {
			"isa" = "PBXFileReference";
			"explicitFileType" = "wrapper.cfbundle";
			"includeInIndex" = 0;
			"path" = "TraidoresIOSUITests.xctest";
			"sourceTree" = "BUILT_PRODUCTS_DIR";
		};
		"0A3E27B8CA818264D75C8D81" = {
			"isa" = "PBXGroup";
			"children" = ("C30000000000000000000009", "C30000000000000000000011", "A8792157CB4F27FB949C035F", "A10000000000000000000002");
			"name" = "Products";
			"sourceTree" = "<group>";
		};
		"C69913C7EE4DFDD011BE172F" = {
			"isa" = "PBXGroup";
			"children" = ("E40000000000000000000020", "E40000000000000000000010", "D20000000000000000000061", "D20000000000000000000062", "C30000000000000000000007", "B20000000000000000000001", "C30000000000000000000005", "C30000000000000000000003", "C30000000000000000000001", "B20000000000000000000003", "6A3CD6C7B8CD32555D18EB22", "81465EEDF32E01AF6E2EB21D", "442DB1F1444F09BAAF414F1A", "9DAB7E3CF67A09F6F95707BA", "25147C54B6D929C6A0E6A654", "593568344580B94B17DAC6A1", "0017C33FED8C91069E779AE8", "D9716605BC6FC29A0B64016C", "1170255AB2298098E6A3D006", "7DDC8189A79437802C5643B6", "D10000000000000000000010", "D10000000000000000000020", "D10000000000000000000030", "D10000000000000000000060", "D10000000000000000000070", "D10000000000000000000080", "D10000000000000000000090", "D20000000000000000000010", "D10000000000000000004000", "D10000000000000000004100", "D10000000000000000004200", "D10000000000000000004300", "D10000000000000000004400", "D10000000000000000004500", "D10000000000000000000040", "D10000000000000000000050", "BE2EF1C7DD1CA6304E8CE050", "AF748645A488766CE23D4974", "0122B6F69EFE7AB10C863A41", "D7ADB10D0BF3D9C6732BE1E6", "6C97B98B6CB0D4C535033602", "94B6E464D2FDE7CEFA1FB0FC", "0755E70DF5DF35ACF60A61F5", "6674C0636BD95B322AC22B59", "07F4971A60C8B8466DA80DFB", "6687C38A46A4E99E0E4159C3", "A10000000000000000000004", "0A3E27B8CA818264D75C8D81");
			"sourceTree" = "<group>";
		};
		"A10000000000000000000004" = {
			"isa" = "PBXGroup";
			"children" = ("A10000000000000000000001", "A10000000000000000000011", "D10000000000000000005000");
			"path" = "TraidoresIOSUITests";
			"sourceTree" = "<group>";
		};
		"D10000000000000000000010" = {
			"isa" = "PBXFileReference";
			"lastKnownFileType" = "sourcecode.swift";
			"path" = "TraidoresIOS/Platform/Online/FirebaseSetup.swift";
			"sourceTree" = "<group>";
		};
		"D10000000000000000000020" = {
			"isa" = "PBXFileReference";
			"lastKnownFileType" = "sourcecode.swift";
			"path" = "TraidoresIOS/Platform/Online/OnlineMatchStartClient.swift";
			"sourceTree" = "<group>";
		};
		"D10000000000000000000030" = {
			"isa" = "PBXFileReference";
			"lastKnownFileType" = "sourcecode.swift";
			"path" = "TraidoresIOS/Platform/Online/AppleAccountLink.swift";
			"sourceTree" = "<group>";
		};
		"D10000000000000000000040" = {
			"isa" = "PBXFileReference";
			"lastKnownFileType" = "text.plist.xml";
			"path" = "TraidoresIOS/GoogleService-Info.plist";
			"sourceTree" = "<group>";
		};
		"D10000000000000000000050" = {
			"isa" = "PBXFileReference";
			"lastKnownFileType" = "text.plist.entitlements";
			"path" = "TraidoresIOS/TraidoresIOS-Online.entitlements";
			"sourceTree" = "<group>";
		};
		"D10000000000000000000110" = {
			"isa" = "PBXBuildFile";
			"fileRef" = "D10000000000000000000010";
		};
		"D10000000000000000000120" = {
			"isa" = "PBXBuildFile";
			"fileRef" = "D10000000000000000000020";
		};
		"D10000000000000000000130" = {
			"isa" = "PBXBuildFile";
			"fileRef" = "D10000000000000000000030";
		};
		"D10000000000000000000140" = {
			"isa" = "PBXBuildFile";
			"fileRef" = "D10000000000000000000040";
		};
		"D10000000000000000000200" = {
			"isa" = "XCRemoteSwiftPackageReference";
			"repositoryURL" = "https://github.com/firebase/firebase-ios-sdk";
			"requirement" = {
				"kind" = "exactVersion";
				"version" = "12.19.2";
			};
		};
		"D10000000000000000000210" = {
			"isa" = "XCSwiftPackageProductDependency";
			"package" = "D10000000000000000000200";
			"productName" = "FirebaseCore";
		};
		"D10000000000000000000310" = {
			"isa" = "PBXBuildFile";
			"productRef" = "D10000000000000000000210";
		};
		"D10000000000000000000220" = {
			"isa" = "XCSwiftPackageProductDependency";
			"package" = "D10000000000000000000200";
			"productName" = "FirebaseAuth";
		};
		"D10000000000000000000320" = {
			"isa" = "PBXBuildFile";
			"productRef" = "D10000000000000000000220";
		};
		"D10000000000000000000230" = {
			"isa" = "XCSwiftPackageProductDependency";
			"package" = "D10000000000000000000200";
			"productName" = "FirebaseFunctions";
		};
		"D10000000000000000000330" = {
			"isa" = "PBXBuildFile";
			"productRef" = "D10000000000000000000230";
		};
		"D10000000000000000000240" = {
			"isa" = "XCSwiftPackageProductDependency";
			"package" = "D10000000000000000000200";
			"productName" = "FirebaseAppCheck";
		};
		"D10000000000000000000340" = {
			"isa" = "PBXBuildFile";
			"productRef" = "D10000000000000000000240";
		};
		"D10000000000000000000060" = {
			"isa" = "PBXFileReference";
			"lastKnownFileType" = "sourcecode.swift";
			"path" = "TraidoresIOS/Platform/Online/OnlineModels.swift";
			"sourceTree" = "<group>";
		};
		"D10000000000000000000160" = {
			"isa" = "PBXBuildFile";
			"fileRef" = "D10000000000000000000060";
		};
		"D10000000000000000000070" = {
			"isa" = "PBXFileReference";
			"lastKnownFileType" = "sourcecode.swift";
			"path" = "TraidoresIOS/Platform/Online/OnlineServices.swift";
			"sourceTree" = "<group>";
		};
		"D10000000000000000000170" = {
			"isa" = "PBXBuildFile";
			"fileRef" = "D10000000000000000000070";
		};
		"D10000000000000000000080" = {
			"isa" = "PBXFileReference";
			"lastKnownFileType" = "sourcecode.swift";
			"path" = "TraidoresIOS/Platform/Online/OnlineContract.swift";
			"sourceTree" = "<group>";
		};
		"D10000000000000000000180" = {
			"isa" = "PBXBuildFile";
			"fileRef" = "D10000000000000000000080";
		};
		"D10000000000000000000090" = {
			"isa" = "PBXFileReference";
			"lastKnownFileType" = "sourcecode.swift";
			"path" = "TraidoresIOS/Platform/Online/FirebaseSmokeCheck.swift";
			"sourceTree" = "<group>";
		};
		"D10000000000000000000190" = {
			"isa" = "PBXBuildFile";
			"fileRef" = "D10000000000000000000090";
		};
		"D10000000000000000004000" = {
			"isa" = "PBXFileReference";
			"lastKnownFileType" = "sourcecode.swift";
			"path" = "TraidoresIOS/Features/Online/OnlineComponents.swift";
			"sourceTree" = "<group>";
		};
		"D10000000000000000004010" = {
			"isa" = "PBXBuildFile";
			"fileRef" = "D10000000000000000004000";
		};
		"D10000000000000000004100" = {
			"isa" = "PBXFileReference";
			"lastKnownFileType" = "sourcecode.swift";
			"path" = "TraidoresIOS/Features/Online/OnlineFakeServices.swift";
			"sourceTree" = "<group>";
		};
		"D10000000000000000004110" = {
			"isa" = "PBXBuildFile";
			"fileRef" = "D10000000000000000004100";
		};
		"D10000000000000000004200" = {
			"isa" = "PBXFileReference";
			"lastKnownFileType" = "sourcecode.swift";
			"path" = "TraidoresIOS/Features/Online/OnlineModeView.swift";
			"sourceTree" = "<group>";
		};
		"D10000000000000000004210" = {
			"isa" = "PBXBuildFile";
			"fileRef" = "D10000000000000000004200";
		};
		"D10000000000000000004300" = {
			"isa" = "PBXFileReference";
			"lastKnownFileType" = "sourcecode.swift";
			"path" = "TraidoresIOS/Features/Online/OnlineDialogs.swift";
			"sourceTree" = "<group>";
		};
		"D10000000000000000004310" = {
			"isa" = "PBXBuildFile";
			"fileRef" = "D10000000000000000004300";
		};
		"D10000000000000000004400" = {
			"isa" = "PBXFileReference";
			"lastKnownFileType" = "sourcecode.swift";
			"path" = "TraidoresIOS/Features/Online/OnlineRoomViews.swift";
			"sourceTree" = "<group>";
		};
		"D10000000000000000004410" = {
			"isa" = "PBXBuildFile";
			"fileRef" = "D10000000000000000004400";
		};
		"D10000000000000000004500" = {
			"isa" = "PBXFileReference";
			"lastKnownFileType" = "sourcecode.swift";
			"path" = "TraidoresIOS/Features/Online/OnlineLobbyView.swift";
			"sourceTree" = "<group>";
		};
		"D10000000000000000004510" = {
			"isa" = "PBXBuildFile";
			"fileRef" = "D10000000000000000004500";
		};
		"D10000000000000000005000" = {
			"isa" = "PBXFileReference";
			"lastKnownFileType" = "sourcecode.swift";
			"path" = "OnlineFlowUITests.swift";
			"sourceTree" = "<group>";
		};
		"D10000000000000000005010" = {
			"isa" = "PBXBuildFile";
			"fileRef" = "D10000000000000000005000";
		};
		"085827B649F7606E862BCEEB" = {
			"isa" = "XCLocalSwiftPackageReference";
			"relativePath" = "../Packages/TraidoresCore";
		};
		"F5AE27228AC34400DE4A3768" = {
			"isa" = "XCSwiftPackageProductDependency";
			"package" = "085827B649F7606E862BCEEB";
			"productName" = "TraidoresCore";
		};
		"5B2D2E1CD1EA09990CD4EACE" = {
			"isa" = "PBXBuildFile";
			"productRef" = "F5AE27228AC34400DE4A3768";
		};
		"A10000000000000000000003" = {
			"isa" = "PBXBuildFile";
			"fileRef" = "A10000000000000000000001";
		};
		"E2AA269EB967A8853A258BFA" = {
			"isa" = "PBXFrameworksBuildPhase";
			"buildActionMask" = 2147483647;
			"files" = ("E40000000000000000000310", "5B2D2E1CD1EA09990CD4EACE", "D10000000000000000000310", "D10000000000000000000320", "D10000000000000000000330", "D10000000000000000000340", "D20000000000000000000310", "D20000000000000000000320", "D20000000000000000000330");
			"runOnlyForDeploymentPostprocessing" = 0;
		};
		"30D74E1AAEEE7578E3217581" = {
			"isa" = "PBXBuildFile";
			"fileRef" = "442DB1F1444F09BAAF414F1A";
		};
		"FCE026E7687544877E8C5E40" = {
			"isa" = "PBXBuildFile";
			"fileRef" = "9DAB7E3CF67A09F6F95707BA";
		};
		"F52BDC3C9917C9FE51F93E47" = {
			"isa" = "PBXBuildFile";
			"fileRef" = "25147C54B6D929C6A0E6A654";
		};
		"C2CED7538C07F087B8279C5C" = {
			"isa" = "PBXBuildFile";
			"fileRef" = "593568344580B94B17DAC6A1";
		};
		"DB65321C347641F7733D41EB" = {
			"isa" = "PBXBuildFile";
			"fileRef" = "0017C33FED8C91069E779AE8";
		};
		"F1058B90AC83D929DF08F3B0" = {
			"isa" = "PBXBuildFile";
			"fileRef" = "D9716605BC6FC29A0B64016C";
		};
		"1FC11DD01728A1CF504A4C55" = {
			"isa" = "PBXBuildFile";
			"fileRef" = "1170255AB2298098E6A3D006";
		};
		"06E9A25290DD3456788567F4" = {
			"isa" = "PBXBuildFile";
			"fileRef" = "7DDC8189A79437802C5643B6";
		};
		"878A52FC5FF6A57D50B7B870" = {
			"isa" = "PBXSourcesBuildPhase";
			"buildActionMask" = 2147483647;
			"files" = ("E40000000000000000000120", "E40000000000000000000110", "C30000000000000000000008", "848295EBAF394F2BF666ADB2", "C30000000000000000000006", "C30000000000000000000004", "C30000000000000000000002", "5FD0C413DE03D0B031CFF552", "30D74E1AAEEE7578E3217581", "FCE026E7687544877E8C5E40", "F52BDC3C9917C9FE51F93E47", "C2CED7538C07F087B8279C5C", "DB65321C347641F7733D41EB", "F1058B90AC83D929DF08F3B0", "1FC11DD01728A1CF504A4C55", "06E9A25290DD3456788567F4", "D10000000000000000000110", "D10000000000000000000120", "D10000000000000000000130", "D10000000000000000000160", "D10000000000000000000170", "D10000000000000000000180", "D10000000000000000000190", "D20000000000000000000110", "D10000000000000000004010", "D10000000000000000004110", "D10000000000000000004210", "D10000000000000000004310", "D10000000000000000004410", "D10000000000000000004510");
			"runOnlyForDeploymentPostprocessing" = 0;
		};
		"A10000000000000000000005" = {
			"isa" = "PBXSourcesBuildPhase";
			"buildActionMask" = 2147483647;
			"files" = ("A10000000000000000000003", "A10000000000000000000012", "D10000000000000000005010");
			"runOnlyForDeploymentPostprocessing" = 0;
		};
		"A10000000000000000000006" = {
			"isa" = "PBXFrameworksBuildPhase";
			"buildActionMask" = 2147483647;
			"files" = ();
			"runOnlyForDeploymentPostprocessing" = 0;
		};
		"A10000000000000000000007" = {
			"isa" = "PBXResourcesBuildPhase";
			"buildActionMask" = 2147483647;
			"files" = ();
			"runOnlyForDeploymentPostprocessing" = 0;
		};
		"3E617D039791AC7546049EEF" = {
			"isa" = "PBXBuildFile";
			"fileRef" = "BE2EF1C7DD1CA6304E8CE050";
		};
		"C5C5471B788672C44CB848C2" = {
			"isa" = "PBXBuildFile";
			"fileRef" = "AF748645A488766CE23D4974";
		};
		"D44D73D5D840E48D553E78C0" = {
			"isa" = "PBXBuildFile";
			"fileRef" = "0122B6F69EFE7AB10C863A41";
		};
		"32F48F34DDBE3B7030B016B7" = {
			"isa" = "PBXBuildFile";
			"fileRef" = "D7ADB10D0BF3D9C6732BE1E6";
		};
		"41D311A605520FC7B8B9A980" = {
			"isa" = "PBXResourcesBuildPhase";
			"buildActionMask" = 2147483647;
			"files" = ("D20000000000000000000161", "D20000000000000000000162", "C30000000000000000000010", "C30000000000000000000012", "B20000000000000000000002", "B20000000000000000000004", "3E617D039791AC7546049EEF", "C5C5471B788672C44CB848C2", "D44D73D5D840E48D553E78C0", "32F48F34DDBE3B7030B016B7", "D10000000000000000000140");
			"runOnlyForDeploymentPostprocessing" = 0;
		};
		"2A04C20BF6D5C20A63A1D4CC" = {
			"isa" = "XCBuildConfiguration";
			"name" = "Debug";
			"buildSettings" = {
			};
			"baseConfigurationReference" = "6674C0636BD95B322AC22B59";
		};
		"E28089EB494F94D6F9770EC2" = {
			"isa" = "XCBuildConfiguration";
			"name" = "Release";
			"buildSettings" = {
			};
			"baseConfigurationReference" = "07F4971A60C8B8466DA80DFB";
		};
		"7BCEE9A04133D8A2FED7D4D3" = {
			"isa" = "XCConfigurationList";
			"buildConfigurations" = ("2A04C20BF6D5C20A63A1D4CC", "E28089EB494F94D6F9770EC2");
			"defaultConfigurationIsVisible" = 0;
			"defaultConfigurationName" = "Release";
		};
		"C1E9827DB735CA9BAA54A540" = {
			"isa" = "PBXNativeTarget";
			"buildConfigurationList" = "7BCEE9A04133D8A2FED7D4D3";
			"buildPhases" = ("878A52FC5FF6A57D50B7B870", "E2AA269EB967A8853A258BFA", "41D311A605520FC7B8B9A980");
			"buildRules" = ();
			"dependencies" = ();
			"name" = "TraidoresIOS";
			"packageProductDependencies" = ("E40000000000000000000210", "F5AE27228AC34400DE4A3768", "D10000000000000000000210", "D10000000000000000000220", "D10000000000000000000230", "D10000000000000000000240", "D20000000000000000000210", "D20000000000000000000220", "D20000000000000000000230");
			"productName" = "TraidoresIOS";
			"productReference" = "A8792157CB4F27FB949C035F";
			"productType" = "com.apple.product-type.application";
		};
		"A10000000000000000000008" = {
			"isa" = "PBXNativeTarget";
			"buildConfigurationList" = "A1000000000000000000000D";
			"buildPhases" = ("A10000000000000000000005", "A10000000000000000000006", "A10000000000000000000007");
			"buildRules" = ();
			"dependencies" = ("A10000000000000000000009");
			"name" = "TraidoresIOSUITests";
			"packageProductDependencies" = ();
			"productName" = "TraidoresIOSUITests";
			"productReference" = "A10000000000000000000002";
			"productType" = "com.apple.product-type.bundle.ui-testing";
		};
		"A10000000000000000000009" = {
			"isa" = "PBXTargetDependency";
			"target" = "C1E9827DB735CA9BAA54A540";
			"targetProxy" = "A1000000000000000000000A";
		};
		"A1000000000000000000000A" = {
			"isa" = "PBXContainerItemProxy";
			"containerPortal" = "244210E48437B6556980A702";
			"proxyType" = 1;
			"remoteGlobalIDString" = "C1E9827DB735CA9BAA54A540";
			"remoteInfo" = "TraidoresIOS";
		};
		"A1000000000000000000000B" = {
			"isa" = "XCBuildConfiguration";
			"name" = "Debug";
			"buildSettings" = {
				"CODE_SIGN_STYLE" = "Automatic";
				"GENERATE_INFOPLIST_FILE" = "YES";
				"IPHONEOS_DEPLOYMENT_TARGET" = "17.0";
				"PRODUCT_BUNDLE_IDENTIFIER" = "com.traidores.juego.ios.UITests";
				"PRODUCT_NAME" = "$(TARGET_NAME)";
				"SDKROOT" = "iphoneos";
				"SWIFT_VERSION" = "5.0";
				"TARGETED_DEVICE_FAMILY" = "1";
				"TEST_TARGET_NAME" = "TraidoresIOS";
			};
		};
		"A1000000000000000000000C" = {
			"isa" = "XCBuildConfiguration";
			"name" = "Release";
			"buildSettings" = {
				"CODE_SIGN_STYLE" = "Automatic";
				"GENERATE_INFOPLIST_FILE" = "YES";
				"IPHONEOS_DEPLOYMENT_TARGET" = "17.0";
				"PRODUCT_BUNDLE_IDENTIFIER" = "com.traidores.juego.ios.UITests";
				"PRODUCT_NAME" = "$(TARGET_NAME)";
				"SDKROOT" = "iphoneos";
				"SWIFT_VERSION" = "5.0";
				"TARGETED_DEVICE_FAMILY" = "1";
				"TEST_TARGET_NAME" = "TraidoresIOS";
			};
		};
		"A1000000000000000000000D" = {
			"isa" = "XCConfigurationList";
			"buildConfigurations" = ("A1000000000000000000000B", "A1000000000000000000000C");
			"defaultConfigurationIsVisible" = 0;
			"defaultConfigurationName" = "Release";
		};
		"488864B3D19480A82F7F1786" = {
			"isa" = "XCBuildConfiguration";
			"name" = "Debug";
			"buildSettings" = {
			};
		};
		"35B1014F135DE9B45529B733" = {
			"isa" = "XCBuildConfiguration";
			"name" = "Release";
			"buildSettings" = {
			};
		};
		"B4E10CAA9C5E22150B71559C" = {
			"isa" = "XCConfigurationList";
			"buildConfigurations" = ("488864B3D19480A82F7F1786", "35B1014F135DE9B45529B733");
			"defaultConfigurationIsVisible" = 0;
			"defaultConfigurationName" = "Release";
		};
		"244210E48437B6556980A702" = {
			"isa" = "PBXProject";
			"attributes" = {
				"BuildIndependentTargetsInParallel" = "YES";
				"LastUpgradeCheck" = "1600";
				"TargetAttributes" = {
					"A10000000000000000000008" = {
						"CreatedOnToolsVersion" = "16.0";
						"TestTargetID" = "C1E9827DB735CA9BAA54A540";
					};
					"C1E9827DB735CA9BAA54A540" = {
						"CreatedOnToolsVersion" = "16.0";
						"ProvisioningStyle" = "Automatic";
					};
				};
			};
			"buildConfigurationList" = "B4E10CAA9C5E22150B71559C";
			"compatibilityVersion" = "Xcode 14.0";
			"developmentRegion" = "es";
			"hasScannedForEncodings" = 0;
			"knownRegions" = ("es", "en", "Base");
			"mainGroup" = "C69913C7EE4DFDD011BE172F";
			"packageReferences" = ("085827B649F7606E862BCEEB", "D10000000000000000000200", "D20000000000000000000200");
			"productRefGroup" = "0A3E27B8CA818264D75C8D81";
			"projectDirPath" = "";
			"projectRoot" = "";
			"targets" = ("C1E9827DB735CA9BAA54A540", "A10000000000000000000008");
		};
	};
	"rootObject" = "244210E48437B6556980A702";
}
